
Microsoft Visual Studio Solution File, Format Version 12.00
# Visual Studio Version 16
VisualStudioVersion = 16.0.32802.440
MinimumVisualStudioVersion = 10.0.40219.1
Project("{FAE04EC0-301F-11D3-BF4B-00C04F79EFBC}") = "LottozoRendszer", "LottozoRendszer\LottozoRendszer.csproj", "{E20759FE-62C7-48D9-B4F3-E1F0CD42B513}"
EndProject
Global
	GlobalSection(SolutionConfigurationPlatforms) = preSolution
		Debug|Any CPU = Debug|Any CPU
		Release|Any CPU = Release|Any CPU
	EndGlobalSection
	GlobalSection(ProjectConfigurationPlatforms) = postSolution
		{E20759FE-62C7-48D9-B4F3-E1F0CD42B513}.Debug|Any CPU.ActiveCfg = Debug|Any CPU
		{E20759FE-62C7-48D9-B4F3-E1F0CD42B513}.Debug|Any CPU.Build.0 = Debug|Any CPU
		{E20759FE-62C7-48D9-B4F3-E1F0CD42B513}.Release|Any CPU.ActiveCfg = Release|Any CPU
		{E20759FE-62C7-48D9-B4F3-E1F0CD42B513}.Release|Any CPU.Build.0 = Release|Any CPU
	EndGlobalSection
	GlobalSection(SolutionProperties) = preSolution
		HideSolutionNode = FALSE
	EndGlobalSection
	GlobalSection(ExtensibilityGlobals) = postSolution
		SolutionGuid = {BA5CE4B2-93D4-47B9-BA31-97B5B4AA409E}
	EndGlobalSection
EndGlobal
